// !$*UTF8*$!
{
	archiveVersion = 1;
	classes = {
	};
	objectVersion = 46;
	objects = {

/* Begin PBXBuildFile section */
		DFC9A776199E95B8008E638E /* Foundation.framework in Frameworks */ = {isa = PBXBuildFile; fileRef = DFC9A775199E95B8008E638E /* Foundation.framework */; };
		DFC9A778199E95B8008E638E /* CoreGraphics.framework in Frameworks */ = {isa = PBXBuildFile; fileRef = DFC9A777199E95B8008E638E /* CoreGraphics.framework */; };
		DFC9A77A199E95B8008E638E /* UIKit.framework in Frameworks */ = {isa = PBXBuildFile; fileRef = DFC9A779199E95B8008E638E /* UIKit.framework */; };
		DFC9A780199E95B8008E638E /* InfoPlist.strings in Resources */ = {isa = PBXBuildFile; fileRef = DFC9A77E199E95B8008E638E /* InfoPlist.strings */; };
		DFC9A782199E95B8008E638E /* main.m in Sources */ = {isa = PBXBuildFile; fileRef = DFC9A781199E95B8008E638E /* main.m */; };
		DFC9A786199E95B8008E638E /* AppDelegate.m in Sources */ = {isa = PBXBuildFile; fileRef = DFC9A785199E95B8008E638E /* AppDelegate.m */; };
		DFC9A789199E95B8008E638E /* Main.storyboard in Resources */ = {isa = PBXBuildFile; fileRef = DFC9A787199E95B8008E638E /* Main.storyboard */; };
		DFC9A78C199E95B8008E638E /* ViewController.m in Sources */ = {isa = PBXBuildFile; fileRef = DFC9A78B199E95B8008E638E /* ViewController.m */; };
		DFC9A78E199E95B8008E638E /* Images.xcassets in Resources */ = {isa = PBXBuildFile; fileRef = DFC9A78D199E95B8008E638E /* Images.xcassets */; };
		DFC9A795199E95B8008E638E /* XCTest.framework in Frameworks */ = {isa = PBXBuildFile; fileRef = DFC9A794199E95B8008E638E /* XCTest.framework */; };
		DFC9A796199E95B8008E638E /* Foundation.framework in Frameworks */ = {isa = PBXBuildFile; fileRef = DFC9A775199E95B8008E638E /* Foundation.framework */; };
		DFC9A797199E95B8008E638E /* UIKit.framework in Frameworks */ = {isa = PBXBuildFile; fileRef = DFC9A779199E95B8008E638E /* UIKit.framework */; };
		DFC9A79F199E95B8008E638E /* InfoPlist.strings in Resources */ = {isa = PBXBuildFile; fileRef = DFC9A79D199E95B8008E638E /* InfoPlist.strings */; };
		DFC9A7A1199E95B8008E638E /* SSNTextFieldExampleTests.m in Sources */ = {isa = PBXBuildFile; fileRef = DFC9A7A0199E95B8008E638E /* SSNTextFieldExampleTests.m */; };
		DFC9A7B1199E97B6008E638E /* SSNTextFieldDelegate.m in Sources */ = {isa = PBXBuildFile; fileRef = DFC9A7B0199E97B6008E638E /* SSNTextFieldDelegate.m */; };
		DFC9A7B4199EA0D1008E638E /* SSN.m in Sources */ = {isa = PBXBuildFile; fileRef = DFC9A7B3199EA0D1008E638E /* SSN.m */; };
/* End PBXBuildFile section */

/* Begin PBXContainerItemProxy section */
		DFC9A798199E95B8008E638E /* PBXContainerItemProxy */ = {
			isa = PBXContainerItemProxy;
			containerPortal = DFC9A76A199E95B8008E638E /* Project object */;
			proxyType = 1;
			remoteGlobalIDString = DFC9A771199E95B8008E638E;
			remoteInfo = SSNTextFieldExample;
		};
/* End PBXContainerItemProxy section */

/* Begin PBXFileReference section */
		DFC9A772199E95B8008E638E /* SSNTextFieldExample.app */ = {isa = PBXFileReference; explicitFileType = wrapper.application; includeInIndex = 0; path = SSNTextFieldExample.app; sourceTree = BUILT_PRODUCTS_DIR; };
		DFC9A775199E95B8008E638E /* Foundation.framework */ = {isa = PBXFileReference; lastKnownFileType = wrapper.framework; name = Foundation.framework; path = System/Library/Frameworks/Foundation.framework; sourceTree = SDKROOT; };
		DFC9A777199E95B8008E638E /* CoreGraphics.framework */ = {isa = PBXFileReference; lastKnownFileType = wrapper.framework; name = CoreGraphics.framework; path = System/Library/Frameworks/CoreGraphics.framework; sourceTree = SDKROOT; };
		DFC9A779199E95B8008E638E /* UIKit.framework */ = {isa = PBXFileReference; lastKnownFileType = wrapper.framework; name = UIKit.framework; path = System/Library/Frameworks/UIKit.framework; sourceTree = SDKROOT; };
		DFC9A77D199E95B8008E638E /* SSNTextFieldExample-Info.plist */ = {isa = PBXFileReference; lastKnownFileType = text.plist.xml; path = "SSNTextFieldExample-Info.plist"; sourceTree = "<group>"; };
		DFC9A77F199E95B8008E638E /* en */ = {isa = PBXFileReference; lastKnownFileType = text.plist.strings; name = en; path = en.lproj/InfoPlist.strings; sourceTree = "<group>"; };
		DFC9A781199E95B8008E638E /* main.m */ = {isa = PBXFileReference; lastKnownFileType = sourcecode.c.objc; path = main.m; sourceTree = "<group>"; };
		DFC9A783199E95B8008E638E /* SSNTextFieldExample-Prefix.pch */ = {isa = PBXFileReference; lastKnownFileType = sourcecode.c.h; path = "SSNTextFieldExample-Prefix.pch"; sourceTree = "<group>"; };
		DFC9A784199E95B8008E638E /* AppDelegate.h */ = {isa = PBXFileReference; lastKnownFileType = sourcecode.c.h; path = AppDelegate.h; sourceTree = "<group>"; };
		DFC9A785199E95B8008E638E /* AppDelegate.m */ = {isa = PBXFileReference; lastKnownFileType = sourcecode.c.objc; path = AppDelegate.m; sourceTree = "<group>"; };
		DFC9A788199E95B8008E638E /* Base */ = {isa = PBXFileReference; lastKnownFileType = file.storyboard; name = Base; path = Base.lproj/Main.storyboard; sourceTree = "<group>"; };
		DFC9A78A199E95B8008E638E /* ViewController.h */ = {isa = PBXFileReference; lastKnownFileType = sourcecode.c.h; path = ViewController.h; sourceTree = "<group>"; };
		DFC9A78B199E95B8008E638E /* ViewController.m */ = {isa = PBXFileReference; lastKnownFileType = sourcecode.c.objc; path = ViewController.m; sourceTree = "<group>"; };
		DFC9A78D199E95B8008E638E /* Images.xcassets */ = {isa = PBXFileReference; lastKnownFileType = folder.assetcatalog; path = Images.xcassets; sourceTree = "<group>"; };
		DFC9A793199E95B8008E638E /* SSNTextFieldExampleTests.xctest */ = {isa = PBXFileReference; explicitFileType = wrapper.cfbundle; includeInIndex = 0; path = SSNTextFieldExampleTests.xctest; sourceTree = BUILT_PRODUCTS_DIR; };
		DFC9A794199E95B8008E638E /* XCTest.framework */ = {isa = PBXFileReference; lastKnownFileType = wrapper.framework; name = XCTest.framework; path = Library/Frameworks/XCTest.framework; sourceTree = DEVELOPER_DIR; };
		DFC9A79C199E95B8008E638E /* SSNTextFieldExampleTests-Info.plist */ = {isa = PBXFileReference; lastKnownFileType = text.plist.xml; path = "SSNTextFieldExampleTests-Info.plist"; sourceTree = "<group>"; };
		DFC9A79E199E95B8008E638E /* en */ = {isa = PBXFileReference; lastKnownFileType = text.plist.strings; name = en; path = en.lproj/InfoPlist.strings; sourceTree = "<group>"; };
		DFC9A7A0199E95B8008E638E /* SSNTextFieldExampleTests.m */ = {isa = PBXFileReference; lastKnownFileType = sourcecode.c.objc; path = SSNTextFieldExampleTests.m; sourceTree = "<group>"; };
		DFC9A7AF199E97B6008E638E /* SSNTextFieldDelegate.h */ = {isa = PBXFileReference; fileEncoding = 4; lastKnownFileType = sourcecode.c.h; path = SSNTextFieldDelegate.h; sourceTree = "<group>"; };
		DFC9A7B0199E97B6008E638E /* SSNTextFieldDelegate.m */ = {isa = PBXFileReference; fileEncoding = 4; lastKnownFileType = sourcecode.c.objc; path = SSNTextFieldDelegate.m; sourceTree = "<group>"; };
		DFC9A7B2199EA0D1008E638E /* SSN.h */ = {isa = PBXFileReference; fileEncoding = 4; lastKnownFileType = sourcecode.c.h; path = SSN.h; sourceTree = "<group>"; };
		DFC9A7B3199EA0D1008E638E /* SSN.m */ = {isa = PBXFileReference; fileEncoding = 4; lastKnownFileType = sourcecode.c.objc; path = SSN.m; sourceTree = "<group>"; };
/* End PBXFileReference section */

/* Begin PBXFrameworksBuildPhase section */
		DFC9A76F199E95B8008E638E /* Frameworks */ = {
			isa = PBXFrameworksBuildPhase;
			buildActionMask = 2147483647;
			files = (
				DFC9A778199E95B8008E638E /* CoreGraphics.framework in Frameworks */,
				DFC9A77A199E95B8008E638E /* UIKit.framework in Frameworks */,
				DFC9A776199E95B8008E638E /* Foundation.framework in Frameworks */,
			);
			runOnlyForDeploymentPostprocessing = 0;
		};
		DFC9A790199E95B8008E638E /* Frameworks */ = {
			isa = PBXFrameworksBuildPhase;
			buildActionMask = 2147483647;
			files = (
				DFC9A795199E95B8008E638E /* XCTest.framework in Frameworks */,
				DFC9A797199E95B8008E638E /* UIKit.framework in Frameworks */,
				DFC9A796199E95B8008E638E /* Foundation.framework in Frameworks */,
			);
			runOnlyForDeploymentPostprocessing = 0;
		};
/* End PBXFrameworksBuildPhase section */

/* Begin PBXGroup section */
		DFC9A769199E95B8008E638E = {
			isa = PBXGroup;
			children = (
				DFC9A77B199E95B8008E638E /* SSNTextFieldExample */,
				DFC9A79A199E95B8008E638E /* SSNTextFieldExampleTests */,
				DFC9A774199E95B8008E638E /* Frameworks */,
				DFC9A773199E95B8008E638E /* Products */,
			);
			sourceTree = "<group>";
		};
		DFC9A773199E95B8008E638E /* Products */ = {
			isa = PBXGroup;
			children = (
				DFC9A772199E95B8008E638E /* SSNTextFieldExample.app */,
				DFC9A793199E95B8008E638E /* SSNTextFieldExampleTests.xctest */,
			);
			name = Products;
			sourceTree = "<group>";
		};
		DFC9A774199E95B8008E638E /* Frameworks */ = {
			isa = PBXGroup;
			children = (
				DFC9A775199E95B8008E638E /* Foundation.framework */,
				DFC9A777199E95B8008E638E /* CoreGraphics.framework */,
				DFC9A779199E95B8008E638E /* UIKit.framework */,
				DFC9A794199E95B8008E638E /* XCTest.framework */,
			);
			name = Frameworks;
			sourceTree = "<group>";
		};
		DFC9A77B199E95B8008E638E /* SSNTextFieldExample */ = {
			isa = PBXGroup;
			children = (
				DFC9A7AE199E9793008E638E /* SSNTextFieldDelegate */,
				DFC9A784199E95B8008E638E /* AppDelegate.h */,
				DFC9A785199E95B8008E638E /* AppDelegate.m */,
				DFC9A787199E95B8008E638E /* Main.storyboard */,
				DFC9A78A199E95B8008E638E /* ViewController.h */,
				DFC9A78B199E95B8008E638E /* ViewController.m */,
				DFC9A78D199E95B8008E638E /* Images.xcassets */,
				DFC9A77C199E95B8008E638E /* Supporting Files */,
			);
			path = SSNTextFieldExample;
			sourceTree = "<group>";
		};
		DFC9A77C199E95B8008E638E /* Supporting Files */ = {
			isa = PBXGroup;
			children = (
				DFC9A77D199E95B8008E638E /* SSNTextFieldExample-Info.plist */,
				DFC9A77E199E95B8008E638E /* InfoPlist.strings */,
				DFC9A781199E95B8008E638E /* main.m */,
				DFC9A783199E95B8008E638E /* SSNTextFieldExample-Prefix.pch */,
			);
			name = "Supporting Files";
			sourceTree = "<group>";
		};
		DFC9A79A199E95B8008E638E /* SSNTextFieldExampleTests */ = {
			isa = PBXGroup;
			children = (
				DFC9A7A0199E95B8008E638E /* SSNTextFieldExampleTests.m */,
				DFC9A79B199E95B8008E638E /* Supporting Files */,
			);
			path = SSNTextFieldExampleTests;
			sourceTree = "<group>";
		};
		DFC9A79B199E95B8008E638E /* Supporting Files */ = {
			isa = PBXGroup;
			children = (
				DFC9A79C199E95B8008E638E /* SSNTextFieldExampleTests-Info.plist */,
				DFC9A79D199E95B8008E638E /* InfoPlist.strings */,
			);
			name = "Supporting Files";
			sourceTree = "<group>";
		};
		DFC9A7AE199E9793008E638E /* SSNTextFieldDelegate */ = {
			isa = PBXGroup;
			children = (
				DFC9A7AF199E97B6008E638E /* SSNTextFieldDelegate.h */,
				DFC9A7B0199E97B6008E638E /* SSNTextFieldDelegate.m */,
				DFC9A7B2199EA0D1008E638E /* SSN.h */,
				DFC9A7B3199EA0D1008E638E /* SSN.m */,
			);
			path = SSNTextFieldDelegate;
			sourceTree = "<group>";
		};
/* End PBXGroup section */

/* Begin PBXNativeTarget section */
		DFC9A771199E95B8008E638E /* SSNTextFieldExample */ = {
			isa = PBXNativeTarget;
			buildConfigurationList = DFC9A7A4199E95B8008E638E /* Build configuration list for PBXNativeTarget "SSNTextFieldExample" */;
			buildPhases = (
				DFC9A76E199E95B8008E638E /* Sources */,
				DFC9A76F199E95B8008E638E /* Frameworks */,
				DFC9A770199E95B8008E638E /* Resources */,
			);
			buildRules = (
			);
			dependencies = (
			);
			name = SSNTextFieldExample;
			productName = SSNTextFieldExample;
			productReference = DFC9A772199E95B8008E638E /* SSNTextFieldExample.app */;
			productType = "com.apple.product-type.application";
		};
		DFC9A792199E95B8008E638E /* SSNTextFieldExampleTests */ = {
			isa = PBXNativeTarget;
			buildConfigurationList = DFC9A7A7199E95B8008E638E /* Build configuration list for PBXNativeTarget "SSNTextFieldExampleTests" */;
			buildPhases = (
				DFC9A78F199E95B8008E638E /* Sources */,
				DFC9A790199E95B8008E638E /* Frameworks */,
				DFC9A791199E95B8008E638E /* Resources */,
			);
			buildRules = (
			);
			dependencies = (
				DFC9A799199E95B8008E638E /* PBXTargetDependency */,
			);
			name = SSNTextFieldExampleTests;
			productName = SSNTextFieldExampleTests;
			productReference = DFC9A793199E95B8008E638E /* SSNTextFieldExampleTests.xctest */;
			productType = "com.apple.product-type.bundle.unit-test";
		};
/* End PBXNativeTarget section */

/* Begin PBXProject section */
		DFC9A76A199E95B8008E638E /* Project object */ = {
			isa = PBXProject;
			attributes = {
				LastUpgradeCheck = 0510;
				ORGANIZATIONNAME = NicoPuri;
				TargetAttributes = {
					DFC9A792199E95B8008E638E = {
						TestTargetID = DFC9A771199E95B8008E638E;
					};
				};
			};
			buildConfigurationList = DFC9A76D199E95B8008E638E /* Build configuration list for PBXProject "SSNTextFieldExample" */;
			compatibilityVersion = "Xcode 3.2";
			developmentRegion = English;
			hasScannedForEncodings = 0;
			knownRegions = (
				en,
				Base,
			);
			mainGroup = DFC9A769199E95B8008E638E;
			productRefGroup = DFC9A773199E95B8008E638E /* Products */;
			projectDirPath = "";
			projectRoot = "";
			targets = (
				DFC9A771199E95B8008E638E /* SSNTextFieldExample */,
				DFC9A792199E95B8008E638E /* SSNTextFieldExampleTests */,
			);
		};
/* End PBXProject section */

/* Begin PBXResourcesBuildPhase section */
		DFC9A770199E95B8008E638E /* Resources */ = {
			isa = PBXResourcesBuildPhase;
			buildActionMask = 2147483647;
			files = (
				DFC9A78E199E95B8008E638E /* Images.xcassets in Resources */,
				DFC9A780199E95B8008E638E /* InfoPlist.strings in Resources */,
				DFC9A789199E95B8008E638E /* Main.storyboard in Resources */,
			);
			runOnlyForDeploymentPostprocessing = 0;
		};
		DFC9A791199E95B8008E638E /* Resources */ = {
			isa = PBXResourcesBuildPhase;
			buildActionMask = 2147483647;
			files = (
				DFC9A79F199E95B8008E638E /* InfoPlist.strings in Resources */,
			);
			runOnlyForDeploymentPostprocessing = 0;
		};
/* End PBXResourcesBuildPhase section */

/* Begin PBXSourcesBuildPhase section */
		DFC9A76E199E95B8008E638E /* Sources */ = {
			isa = PBXSourcesBuildPhase;
			buildActionMask = 2147483647;
			files = (
				DFC9A7B4199EA0D1008E638E /* SSN.m in Sources */,
				DFC9A78C199E95B8008E638E /* ViewController.m in Sources */,
				DFC9A7B1199E97B6008E638E /* SSNTextFieldDelegate.m in Sources */,
				DFC9A786199E95B8008E638E /* AppDelegate.m in Sources */,
				DFC9A782199E95B8008E638E /* main.m in Sources */,
			);
			runOnlyForDeploymentPostprocessing = 0;
		};
		DFC9A78F199E95B8008E638E /* Sources */ = {
			isa = PBXSourcesBuildPhase;
			buildActionMask = 2147483647;
			files = (
				DFC9A7A1199E95B8008E638E /* SSNTextFieldExampleTests.m in Sources */,
			);
			runOnlyForDeploymentPostprocessing = 0;
		};
/* End PBXSourcesBuildPhase section */

/* Begin PBXTargetDependency section */
		DFC9A799199E95B8008E638E /* PBXTargetDependency */ = {
			isa = PBXTargetDependency;
			target = DFC9A771199E95B8008E638E /* SSNTextFieldExample */;
			targetProxy = DFC9A798199E95B8008E638E /* PBXContainerItemProxy */;
		};
/* End PBXTargetDependency section */

/* Begin PBXVariantGroup section */
		DFC9A77E199E95B8008E638E /* InfoPlist.strings */ = {
			isa = PBXVariantGroup;
			children = (
				DFC9A77F199E95B8008E638E /* en */,
			);
			name = InfoPlist.strings;
			sourceTree = "<group>";
		};
		DFC9A787199E95B8008E638E /* Main.storyboard */ = {
			isa = PBXVariantGroup;
			children = (
				DFC9A788199E95B8008E638E /* Base */,
			);
			name = Main.storyboard;
			sourceTree = "<group>";
		};
		DFC9A79D199E95B8008E638E /* InfoPlist.strings */ = {
			isa = PBXVariantGroup;
			children = (
				DFC9A79E199E95B8008E638E /* en */,
			);
			name = InfoPlist.strings;
			sourceTree = "<group>";
		};
/* End PBXVariantGroup section */

/* Begin XCBuildConfiguration section */
		DFC9A7A2199E95B8008E638E /* Debug */ = {
			isa = XCBuildConfiguration;
			buildSettings = {
				ALWAYS_SEARCH_USER_PATHS = NO;
				CLANG_CXX_LANGUAGE_STANDARD = "gnu++0x";
				CLANG_CXX_LIBRARY = "libc++";
				CLANG_ENABLE_MODULES = YES;
				CLANG_ENABLE_OBJC_ARC = YES;
				CLANG_WARN_BOOL_CONVERSION = YES;
				CLANG_WARN_CONSTANT_CONVERSION = YES;
				CLANG_WARN_DIRECT_OBJC_ISA_USAGE = YES_ERROR;
				CLANG_WARN_EMPTY_BODY = YES;
				CLANG_WARN_ENUM_CONVERSION = YES;
				CLANG_WARN_INT_CONVERSION = YES;
				CLANG_WARN_OBJC_ROOT_CLASS = YES_ERROR;
				CLANG_WARN__DUPLICATE_METHOD_MATCH = YES;
				"CODE_SIGN_IDENTITY[sdk=iphoneos*]" = "iPhone Developer";
				COPY_PHASE_STRIP = NO;
				GCC_C_LANGUAGE_STANDARD = gnu99;
				GCC_DYNAMIC_NO_PIC = NO;
				GCC_OPTIMIZATION_LEVEL = 0;
				GCC_PREPROCESSOR_DEFINITIONS = (
					"DEBUG=1",
					"$(inherited)",
				);
				GCC_SYMBOLS_PRIVATE_EXTERN = NO;
				GCC_WARN_64_TO_32_BIT_CONVERSION = YES;
				GCC_WARN_ABOUT_RETURN_TYPE = YES_ERROR;
				GCC_WARN_UNDECLARED_SELECTOR = YES;
				GCC_WARN_UNINITIALIZED_AUTOS = YES_AGGRESSIVE;
				GCC_WARN_UNUSED_FUNCTION = YES;
				GCC_WARN_UNUSED_VARIABLE = YES;
				IPHONEOS_DEPLOYMENT_TARGET = 7.1;
				ONLY_ACTIVE_ARCH = YES;
				SDKROOT = iphoneos;
			};
			name = Debug;
		};
		DFC9A7A3199E95B8008E638E /* Release */ = {
			isa = XCBuildConfiguration;
			buildSettings = {
				ALWAYS_SEARCH_USER_PATHS = NO;
				CLANG_CXX_LANGUAGE_STANDARD = "gnu++0x";
				CLANG_CXX_LIBRARY = "libc++";
				CLANG_ENABLE_MODULES = YES;
				CLANG_ENABLE_OBJC_ARC = YES;
				CLANG_WARN_BOOL_CONVERSION = YES;
				CLANG_WARN_CONSTANT_CONVERSION = YES;
				CLANG_WARN_DIRECT_OBJC_ISA_USAGE = YES_ERROR;
				CLANG_WARN_EMPTY_BODY = YES;
				CLANG_WARN_ENUM_CONVERSION = YES;
				CLANG_WARN_INT_CONVERSION = YES;
				CLANG_WARN_OBJC_ROOT_CLASS = YES_ERROR;
				CLANG_WARN__DUPLICATE_METHOD_MATCH = YES;
				"CODE_SIGN_IDENTITY[sdk=iphoneos*]" = "iPhone Developer";
				COPY_PHASE_STRIP = YES;
				ENABLE_NS_ASSERTIONS = NO;
				GCC_C_LANGUAGE_STANDARD = gnu99;
				GCC_WARN_64_TO_32_BIT_CONVERSION = YES;
				GCC_WARN_ABOUT_RETURN_TYPE = YES_ERROR;
				GCC_WARN_UNDECLARED_SELECTOR = YES;
				GCC_WARN_UNINITIALIZED_AUTOS = YES_AGGRESSIVE;
				GCC_WARN_UNUSED_FUNCTION = YES;
				GCC_WARN_UNUSED_VARIABLE = YES;
				IPHONEOS_DEPLOYMENT_TARGET = 7.1;
				SDKROOT = iphoneos;
				VALIDATE_PRODUCT = YES;
			};
			name = Release;
		};
		DFC9A7A5199E95B8008E638E /* Debug */ = {
			isa = XCBuildConfiguration;
			buildSettings = {
				ASSETCATALOG_COMPILER_APPICON_NAME = AppIcon;
				ASSETCATALOG_COMPILER_LAUNCHIMAGE_NAME = LaunchImage;
				GCC_PRECOMPILE_PREFIX_HEADER = YES;
				GCC_PREFIX_HEADER = "SSNTextFieldExample/SSNTextFieldExample-Prefix.pch";
				INFOPLIST_FILE = "SSNTextFieldExample/SSNTextFieldExample-Info.plist";
				PRODUCT_NAME = "$(TARGET_NAME)";
				WRAPPER_EXTENSION = app;
			};
			name = Debug;
		};
		DFC9A7A6199E95B8008E638E /* Release */ = {
			isa = XCBuildConfiguration;
			buildSettings = {
				ASSETCATALOG_COMPILER_APPICON_NAME = AppIcon;
				ASSETCATALOG_COMPILER_LAUNCHIMAGE_NAME = LaunchImage;
				GCC_PRECOMPILE_PREFIX_HEADER = YES;
				GCC_PREFIX_HEADER = "SSNTextFieldExample/SSNTextFieldExample-Prefix.pch";
				INFOPLIST_FILE = "SSNTextFieldExample/SSNTextFieldExample-Info.plist";
				PRODUCT_NAME = "$(TARGET_NAME)";
				WRAPPER_EXTENSION = app;
			};
			name = Release;
		};
		DFC9A7A8199E95B8008E638E /* Debug */ = {
			isa = XCBuildConfiguration;
			buildSettings = {
				BUNDLE_LOADER = "$(BUILT_PRODUCTS_DIR)/SSNTextFieldExample.app/SSNTextFieldExample";
				FRAMEWORK_SEARCH_PATHS = (
					"$(SDKROOT)/Developer/Library/Frameworks",
					"$(inherited)",
					"$(DEVELOPER_FRAMEWORKS_DIR)",
				);
				GCC_PRECOMPILE_PREFIX_HEADER = YES;
				GCC_PREFIX_HEADER = "SSNTextFieldExample/SSNTextFieldExample-Prefix.pch";
				GCC_PREPROCESSOR_DEFINITIONS = (
					"DEBUG=1",
					"$(inherited)",
				);
				INFOPLIST_FILE = "SSNTextFieldExampleTests/SSNTextFieldExampleTests-Info.plist";
				PRODUCT_NAME = "$(TARGET_NAME)";
				TEST_HOST = "$(BUNDLE_LOADER)";
				WRAPPER_EXTENSION = xctest;
			};
			name = Debug;
		};
		DFC9A7A9199E95B8008E638E /* Release */ = {
			isa = XCBuildConfiguration;
			buildSettings = {
				BUNDLE_LOADER = "$(BUILT_PRODUCTS_DIR)/SSNTextFieldExample.app/SSNTextFieldExample";
				FRAMEWORK_SEARCH_PATHS = (
					"$(SDKROOT)/Developer/Library/Frameworks",
					"$(inherited)",
					"$(DEVELOPER_FRAMEWORKS_DIR)",
				);
				GCC_PRECOMPILE_PREFIX_HEADER = YES;
				GCC_PREFIX_HEADER = "SSNTextFieldExample/SSNTextFieldExample-Prefix.pch";
				INFOPLIST_FILE = "SSNTextFieldExampleTests/SSNTextFieldExampleTests-Info.plist";
				PRODUCT_NAME = "$(TARGET_NAME)";
				TEST_HOST = "$(BUNDLE_LOADER)";
				WRAPPER_EXTENSION = xctest;
			};
			name = Release;
		};
/* End XCBuildConfiguration section */

/* Begin XCConfigurationList section */
		DFC9A76D199E95B8008E638E /* Build configuration list for PBXProject "SSNTextFieldExample" */ = {
			isa = XCConfigurationList;
			buildConfigurations = (
				DFC9A7A2199E95B8008E638E /* Debug */,
				DFC9A7A3199E95B8008E638E /* Release */,
			);
			defaultConfigurationIsVisible = 0;
			defaultConfigurationName = Release;
		};
		DFC9A7A4199E95B8008E638E /* Build configuration list for PBXNativeTarget "SSNTextFieldExample" */ = {
			isa = XCConfigurationList;
			buildConfigurations = (
				DFC9A7A5199E95B8008E638E /* Debug */,
				DFC9A7A6199E95B8008E638E /* Release */,
			);
			defaultConfigurationIsVisible = 0;
		};
		DFC9A7A7199E95B8008E638E /* Build configuration list for PBXNativeTarget "SSNTextFieldExampleTests" */ = {
			isa = XCConfigurationList;
			buildConfigurations = (
				DFC9A7A8199E95B8008E638E /* Debug */,
				DFC9A7A9199E95B8008E638E /* Release */,
			);
			defaultConfigurationIsVisible = 0;
		};
/* End XCConfigurationList section */
	};
	rootObject = DFC9A76A199E95B8008E638E /* Project object */;
}
